
Microsoft Visual Studio Solution File, Format Version 12.00
# Visual Studio 15
VisualStudioVersion = 15.0.26730.3
MinimumVisualStudioVersion = 10.0.40219.1
Project("{FAE04EC0-301F-11D3-BF4B-00C04F79EFBC}") = "HeyTeam.Web", "src\HeyTeam.Web\HeyTeam.Web.csproj", "{80E12962-419C-4946-A84F-85E5A4481F62}"
EndProject
Project("{2150E333-8FDC-42A3-9474-1A3956D46DE8}") = "src", "src", "{66E64841-5B0B-4475-A161-33DC8BE3F215}"
EndProject
Project("{FAE04EC0-301F-11D3-BF4B-00C04F79EFBC}") = "HeyTeam.Tests", "src\HeyTeam.Tests\HeyTeam.Tests.csproj", "{9E81A2B4-57EE-40AB-B1F5-AF303785A3A9}"
EndProject
Project("{FAE04EC0-301F-11D3-BF4B-00C04F79EFBC}") = "HeyTeam.Core", "src\HeyTeam.Core\HeyTeam.Core.csproj", "{232F579F-4694-47C9-BC24-EC78DB73C901}"
EndProject
Project("{FAE04EC0-301F-11D3-BF4B-00C04F79EFBC}") = "HeyTeam.Lib", "src\HeyTeam.Lib\HeyTeam.Lib.csproj", "{334F0D76-DD71-40BB-952F-F6DCF9CD00F1}"
EndProject
Project("{FAE04EC0-301F-11D3-BF4B-00C04F79EFBC}") = "HeyTeam.Util", "src\HeyTeam.Util\HeyTeam.Util.csproj", "{96FB6571-8FC1-411B-92DB-CF6E742FA6D4}"
EndProject
Global
	GlobalSection(SolutionConfigurationPlatforms) = preSolution
		Debug|Any CPU = Debug|Any CPU
		Release|Any CPU = Release|Any CPU
		Debug|x64 = Debug|x64
		Debug|x86 = Debug|x86
		Release|x64 = Release|x64
		Release|x86 = Release|x86
	EndGlobalSection
	GlobalSection(ProjectConfigurationPlatforms) = postSolution
		{80E12962-419C-4946-A84F-85E5A4481F62}.Debug|Any CPU.ActiveCfg = Debug|Any CPU
		{80E12962-419C-4946-A84F-85E5A4481F62}.Debug|Any CPU.Build.0 = Debug|Any CPU
		{80E12962-419C-4946-A84F-85E5A4481F62}.Release|Any CPU.ActiveCfg = Release|Any CPU
		{80E12962-419C-4946-A84F-85E5A4481F62}.Release|Any CPU.Build.0 = Release|Any CPU
		{9E81A2B4-57EE-40AB-B1F5-AF303785A3A9}.Debug|Any CPU.ActiveCfg = Debug|Any CPU
		{9E81A2B4-57EE-40AB-B1F5-AF303785A3A9}.Debug|Any CPU.Build.0 = Debug|Any CPU
		{9E81A2B4-57EE-40AB-B1F5-AF303785A3A9}.Debug|x64.ActiveCfg = Debug|x64
		{9E81A2B4-57EE-40AB-B1F5-AF303785A3A9}.Debug|x64.Build.0 = Debug|x64
		{9E81A2B4-57EE-40AB-B1F5-AF303785A3A9}.Debug|x86.ActiveCfg = Debug|x86
		{9E81A2B4-57EE-40AB-B1F5-AF303785A3A9}.Debug|x86.Build.0 = Debug|x86
		{9E81A2B4-57EE-40AB-B1F5-AF303785A3A9}.Release|Any CPU.ActiveCfg = Release|Any CPU
		{9E81A2B4-57EE-40AB-B1F5-AF303785A3A9}.Release|Any CPU.Build.0 = Release|Any CPU
		{9E81A2B4-57EE-40AB-B1F5-AF303785A3A9}.Release|x64.ActiveCfg = Release|x64
		{9E81A2B4-57EE-40AB-B1F5-AF303785A3A9}.Release|x64.Build.0 = Release|x64
		{9E81A2B4-57EE-40AB-B1F5-AF303785A3A9}.Release|x86.ActiveCfg = Release|x86
		{9E81A2B4-57EE-40AB-B1F5-AF303785A3A9}.Release|x86.Build.0 = Release|x86
		{232F579F-4694-47C9-BC24-EC78DB73C901}.Debug|Any CPU.ActiveCfg = Debug|Any CPU
		{232F579F-4694-47C9-BC24-EC78DB73C901}.Debug|Any CPU.Build.0 = Debug|Any CPU
		{232F579F-4694-47C9-BC24-EC78DB73C901}.Debug|x64.ActiveCfg = Debug|x64
		{232F579F-4694-47C9-BC24-EC78DB73C901}.Debug|x64.Build.0 = Debug|x64
		{232F579F-4694-47C9-BC24-EC78DB73C901}.Debug|x86.ActiveCfg = Debug|x86
		{232F579F-4694-47C9-BC24-EC78DB73C901}.Debug|x86.Build.0 = Debug|x86
		{232F579F-4694-47C9-BC24-EC78DB73C901}.Release|Any CPU.ActiveCfg = Release|Any CPU
		{232F579F-4694-47C9-BC24-EC78DB73C901}.Release|Any CPU.Build.0 = Release|Any CPU
		{232F579F-4694-47C9-BC24-EC78DB73C901}.Release|x64.ActiveCfg = Release|x64
		{232F579F-4694-47C9-BC24-EC78DB73C901}.Release|x64.Build.0 = Release|x64
		{232F579F-4694-47C9-BC24-EC78DB73C901}.Release|x86.ActiveCfg = Release|x86
		{232F579F-4694-47C9-BC24-EC78DB73C901}.Release|x86.Build.0 = Release|x86
		{334F0D76-DD71-40BB-952F-F6DCF9CD00F1}.Debug|Any CPU.ActiveCfg = Debug|Any CPU
		{334F0D76-DD71-40BB-952F-F6DCF9CD00F1}.Debug|Any CPU.Build.0 = Debug|Any CPU
		{334F0D76-DD71-40BB-952F-F6DCF9CD00F1}.Debug|x64.ActiveCfg = Debug|x64
		{334F0D76-DD71-40BB-952F-F6DCF9CD00F1}.Debug|x64.Build.0 = Debug|x64
		{334F0D76-DD71-40BB-952F-F6DCF9CD00F1}.Debug|x86.ActiveCfg = Debug|x86
		{334F0D76-DD71-40BB-952F-F6DCF9CD00F1}.Debug|x86.Build.0 = Debug|x86
		{334F0D76-DD71-40BB-952F-F6DCF9CD00F1}.Release|Any CPU.ActiveCfg = Release|Any CPU
		{334F0D76-DD71-40BB-952F-F6DCF9CD00F1}.Release|Any CPU.Build.0 = Release|Any CPU
		{334F0D76-DD71-40BB-952F-F6DCF9CD00F1}.Release|x64.ActiveCfg = Release|x64
		{334F0D76-DD71-40BB-952F-F6DCF9CD00F1}.Release|x64.Build.0 = Release|x64
		{334F0D76-DD71-40BB-952F-F6DCF9CD00F1}.Release|x86.ActiveCfg = Release|x86
		{334F0D76-DD71-40BB-952F-F6DCF9CD00F1}.Release|x86.Build.0 = Release|x86
		{96FB6571-8FC1-411B-92DB-CF6E742FA6D4}.Debug|Any CPU.ActiveCfg = Debug|Any CPU
		{96FB6571-8FC1-411B-92DB-CF6E742FA6D4}.Debug|Any CPU.Build.0 = Debug|Any CPU
		{96FB6571-8FC1-411B-92DB-CF6E742FA6D4}.Debug|x64.ActiveCfg = Debug|x64
		{96FB6571-8FC1-411B-92DB-CF6E742FA6D4}.Debug|x64.Build.0 = Debug|x64
		{96FB6571-8FC1-411B-92DB-CF6E742FA6D4}.Debug|x86.ActiveCfg = Debug|x86
		{96FB6571-8FC1-411B-92DB-CF6E742FA6D4}.Debug|x86.Build.0 = Debug|x86
		{96FB6571-8FC1-411B-92DB-CF6E742FA6D4}.Release|Any CPU.ActiveCfg = Release|Any CPU
		{96FB6571-8FC1-411B-92DB-CF6E742FA6D4}.Release|Any CPU.Build.0 = Release|Any CPU
		{96FB6571-8FC1-411B-92DB-CF6E742FA6D4}.Release|x64.ActiveCfg = Release|x64
		{96FB6571-8FC1-411B-92DB-CF6E742FA6D4}.Release|x64.Build.0 = Release|x64
		{96FB6571-8FC1-411B-92DB-CF6E742FA6D4}.Release|x86.ActiveCfg = Release|x86
		{96FB6571-8FC1-411B-92DB-CF6E742FA6D4}.Release|x86.Build.0 = Release|x86
	EndGlobalSection
	GlobalSection(SolutionProperties) = preSolution
		HideSolutionNode = FALSE
	EndGlobalSection
	GlobalSection(ExtensibilityGlobals) = postSolution
		SolutionGuid = {795C9004-C51A-4E2C-B6CB-8170BD2BF025}
	EndGlobalSection
	GlobalSection(NestedProjects) = preSolution
		{9E81A2B4-57EE-40AB-B1F5-AF303785A3A9} = {66E64841-5B0B-4475-A161-33DC8BE3F215}
		{232F579F-4694-47C9-BC24-EC78DB73C901} = {66E64841-5B0B-4475-A161-33DC8BE3F215}
		{334F0D76-DD71-40BB-952F-F6DCF9CD00F1} = {66E64841-5B0B-4475-A161-33DC8BE3F215}
		{96FB6571-8FC1-411B-92DB-CF6E742FA6D4} = {66E64841-5B0B-4475-A161-33DC8BE3F215}
	EndGlobalSection
EndGlobal
