
Microsoft Visual Studio Solution File, Format Version 12.00
# Visual Studio 15
VisualStudioVersion = 15.0.26730.3
MinimumVisualStudioVersion = 10.0.40219.1
Project("{FAE04EC0-301F-11D3-BF4B-00C04F79EFBC}") = "HeyTeam.Web", "src\HeyTeam.Web\HeyTeam.Web.csproj", "{80E12962-419C-4946-A84F-85E5A4481F62}"
EndProject
Global
	GlobalSection(SolutionConfigurationPlatforms) = preSolution
		Debug|Any CPU = Debug|Any CPU
		Release|Any CPU = Release|Any CPU
	EndGlobalSection
	GlobalSection(ProjectConfigurationPlatforms) = postSolution
		{80E12962-419C-4946-A84F-85E5A4481F62}.Debug|Any CPU.ActiveCfg = Debug|Any CPU
		{80E12962-419C-4946-A84F-85E5A4481F62}.Debug|Any CPU.Build.0 = Debug|Any CPU
		{80E12962-419C-4946-A84F-85E5A4481F62}.Release|Any CPU.ActiveCfg = Release|Any CPU
		{80E12962-419C-4946-A84F-85E5A4481F62}.Release|Any CPU.Build.0 = Release|Any CPU
	EndGlobalSection
	GlobalSection(SolutionProperties) = preSolution
		HideSolutionNode = FALSE
	EndGlobalSection
	GlobalSection(ExtensibilityGlobals) = postSolution
		SolutionGuid = {795C9004-C51A-4E2C-B6CB-8170BD2BF025}
	EndGlobalSection
EndGlobal
